
Microsoft Visual Studio Solution File, Format Version 12.00
# Visual Studio Version 16
VisualStudioVersion = 16.0.29201.188
MinimumVisualStudioVersion = 10.0.40219.1
Project("{FAE04EC0-301F-11D3-BF4B-00C04F79EFBC}") = "TrocaDeValor", "TrocaDeValor\TrocaDeValor.csproj", "{82579131-9205-4302-9DF5-992CB77FC0C7}"
EndProject
Project("{FAE04EC0-301F-11D3-BF4B-00C04F79EFBC}") = "RestoDaDivisao", "RestoDaDivisao\RestoDaDivisao.csproj", "{5FDB158F-1D09-44EF-A0E4-07D1CA2D1659}"
EndProject
Project("{FAE04EC0-301F-11D3-BF4B-00C04F79EFBC}") = "GastoEmRestarante", "GastoEmRestarante\GastoEmRestarante.csproj", "{95C58F71-8F96-44EF-9ACD-35F944FAA5B4}"
EndProject
Project("{FAE04EC0-301F-11D3-BF4B-00C04F79EFBC}") = "CategoriaDeAluno", "CategoriaDeAluno\CategoriaDeAluno.csproj", "{17038415-AB1B-40D8-9DE1-3766A478B1DD}"
EndProject
Global
	GlobalSection(SolutionConfigurationPlatforms) = preSolution
		Debug|Any CPU = Debug|Any CPU
		Release|Any CPU = Release|Any CPU
	EndGlobalSection
	GlobalSection(ProjectConfigurationPlatforms) = postSolution
		{82579131-9205-4302-9DF5-992CB77FC0C7}.Debug|Any CPU.ActiveCfg = Debug|Any CPU
		{82579131-9205-4302-9DF5-992CB77FC0C7}.Debug|Any CPU.Build.0 = Debug|Any CPU
		{82579131-9205-4302-9DF5-992CB77FC0C7}.Release|Any CPU.ActiveCfg = Release|Any CPU
		{82579131-9205-4302-9DF5-992CB77FC0C7}.Release|Any CPU.Build.0 = Release|Any CPU
		{5FDB158F-1D09-44EF-A0E4-07D1CA2D1659}.Debug|Any CPU.ActiveCfg = Debug|Any CPU
		{5FDB158F-1D09-44EF-A0E4-07D1CA2D1659}.Debug|Any CPU.Build.0 = Debug|Any CPU
		{5FDB158F-1D09-44EF-A0E4-07D1CA2D1659}.Release|Any CPU.ActiveCfg = Release|Any CPU
		{5FDB158F-1D09-44EF-A0E4-07D1CA2D1659}.Release|Any CPU.Build.0 = Release|Any CPU
		{95C58F71-8F96-44EF-9ACD-35F944FAA5B4}.Debug|Any CPU.ActiveCfg = Debug|Any CPU
		{95C58F71-8F96-44EF-9ACD-35F944FAA5B4}.Debug|Any CPU.Build.0 = Debug|Any CPU
		{95C58F71-8F96-44EF-9ACD-35F944FAA5B4}.Release|Any CPU.ActiveCfg = Release|Any CPU
		{95C58F71-8F96-44EF-9ACD-35F944FAA5B4}.Release|Any CPU.Build.0 = Release|Any CPU
		{17038415-AB1B-40D8-9DE1-3766A478B1DD}.Debug|Any CPU.ActiveCfg = Debug|Any CPU
		{17038415-AB1B-40D8-9DE1-3766A478B1DD}.Debug|Any CPU.Build.0 = Debug|Any CPU
		{17038415-AB1B-40D8-9DE1-3766A478B1DD}.Release|Any CPU.ActiveCfg = Release|Any CPU
		{17038415-AB1B-40D8-9DE1-3766A478B1DD}.Release|Any CPU.Build.0 = Release|Any CPU
	EndGlobalSection
	GlobalSection(SolutionProperties) = preSolution
		HideSolutionNode = FALSE
	EndGlobalSection
	GlobalSection(ExtensibilityGlobals) = postSolution
		SolutionGuid = {6E7CE5E2-04A3-468F-827C-8539CC51E635}
	EndGlobalSection
EndGlobal
